
Microsoft Visual Studio Solution File, Format Version 12.00
# Visual Studio Version 16
VisualStudioVersion = 25.0.1700.3
MinimumVisualStudioVersion = 10.0.40219.1
Project("{FAE04EC0-301F-11D3-BF4B-00C04F79EFBC}") = "LibvChewing", "LibvChewing\LibvChewing.csproj", "{433B394A-6E0C-47E9-BCD4-1419C5D084CB}"
EndProject
Project("{FAE04EC0-301F-11D3-BF4B-00C04F79EFBC}") = "LibvChewing.Tests", "LibvChewing.Tests\LibvChewing.Tests.csproj", "{5F3ECB91-5EB7-459B-9B48-380CE6BF9C11}"
EndProject
Global
	GlobalSection(SolutionConfigurationPlatforms) = preSolution
		Debug|Any CPU = Debug|Any CPU
		Release|Any CPU = Release|Any CPU
	EndGlobalSection
	GlobalSection(ProjectConfigurationPlatforms) = postSolution
		{433B394A-6E0C-47E9-BCD4-1419C5D084CB}.Debug|Any CPU.ActiveCfg = Debug|Any CPU
		{433B394A-6E0C-47E9-BCD4-1419C5D084CB}.Debug|Any CPU.Build.0 = Debug|Any CPU
		{433B394A-6E0C-47E9-BCD4-1419C5D084CB}.Release|Any CPU.ActiveCfg = Release|Any CPU
		{433B394A-6E0C-47E9-BCD4-1419C5D084CB}.Release|Any CPU.Build.0 = Release|Any CPU
		{5F3ECB91-5EB7-459B-9B48-380CE6BF9C11}.Debug|Any CPU.ActiveCfg = Debug|Any CPU
		{5F3ECB91-5EB7-459B-9B48-380CE6BF9C11}.Debug|Any CPU.Build.0 = Debug|Any CPU
		{5F3ECB91-5EB7-459B-9B48-380CE6BF9C11}.Release|Any CPU.ActiveCfg = Release|Any CPU
		{5F3ECB91-5EB7-459B-9B48-380CE6BF9C11}.Release|Any CPU.Build.0 = Release|Any CPU
	EndGlobalSection
	GlobalSection(SolutionProperties) = preSolution
		HideSolutionNode = FALSE
	EndGlobalSection
	GlobalSection(ExtensibilityGlobals) = postSolution
		SolutionGuid = {9D3C06DC-74B1-41CD-8102-ECCA8E4941C0}
	EndGlobalSection
EndGlobal
